
Microsoft Visual Studio Solution File, Format Version 12.00
# Visual Studio 15
VisualStudioVersion = 15.0.26430.4
MinimumVisualStudioVersion = 10.0.40219.1
Project("{2150E333-8FDC-42A3-9474-1A3956D46DE8}") = "Presentation", "Presentation", "{EC553DB4-CF59-44CB-98D8-3458106206FF}"
EndProject
Project("{2150E333-8FDC-42A3-9474-1A3956D46DE8}") = "Application", "Application", "{179B1906-EE3D-4478-AD10-281B8C5C5487}"
EndProject
Project("{2150E333-8FDC-42A3-9474-1A3956D46DE8}") = "Domain", "Domain", "{0E54638C-3E65-4DBD-AA24-F8A79F7BECE9}"
EndProject
Project("{2150E333-8FDC-42A3-9474-1A3956D46DE8}") = "Infra", "Infra", "{AC14F8BA-41B7-4CA8-90EB-975FEA8EB3F8}"
EndProject
Project("{2150E333-8FDC-42A3-9474-1A3956D46DE8}") = "Data", "Data", "{7A7707AB-E192-4F28-954F-779A6BBC6279}"
EndProject
Project("{2150E333-8FDC-42A3-9474-1A3956D46DE8}") = "CrossCutting", "CrossCutting", "{A8C4AF21-4E38-4B63-A776-E84A41BA8673}"
EndProject
Project("{FAE04EC0-301F-11D3-BF4B-00C04F79EFBC}") = "BRQ.MVC", "BRQ.MVC\BRQ.MVC.csproj", "{99564703-A66A-4AD9-B7F5-E9DEA2A297E3}"
EndProject
Project("{FAE04EC0-301F-11D3-BF4B-00C04F79EFBC}") = "BRQ.Domain", "BRQ.Domain\BRQ.Domain.csproj", "{457D4900-9FB8-450F-91D6-50537A52991B}"
EndProject
Project("{FAE04EC0-301F-11D3-BF4B-00C04F79EFBC}") = "BRQ.Infra.Data", "BRQ.Infra.Data\BRQ.Infra.Data.csproj", "{A938FE4F-D806-43E3-9F11-78E26C139A75}"
EndProject
Project("{FAE04EC0-301F-11D3-BF4B-00C04F79EFBC}") = "BRQ.Application", "BRQ.Application\BRQ.Application.csproj", "{6CA24576-3249-40F4-B150-06AD86CEF294}"
EndProject
Project("{2150E333-8FDC-42A3-9474-1A3956D46DE8}") = "Cutting", "Cutting", "{2B1AB783-D3E8-4C3F-B537-1182D19A7802}"
EndProject
Project("{FAE04EC0-301F-11D3-BF4B-00C04F79EFBC}") = "BRQ.Infra.CrossCutting.IoC", "BRQ.Infra.CrossCutting.IoC\BRQ.Infra.CrossCutting.IoC.csproj", "{E6357FC8-BF69-4605-B484-28F9572EB773}"
EndProject
Project("{2150E333-8FDC-42A3-9474-1A3956D46DE8}") = "Quesitos", "Quesitos", "{C2D91265-1145-4CD3-8CA4-8C4946D2A226}"
	ProjectSection(SolutionItems) = preProject
		quesitos.txt = quesitos.txt
	EndProjectSection
EndProject
Global
	GlobalSection(SolutionConfigurationPlatforms) = preSolution
		Debug|Any CPU = Debug|Any CPU
		Release|Any CPU = Release|Any CPU
	EndGlobalSection
	GlobalSection(ProjectConfigurationPlatforms) = postSolution
		{99564703-A66A-4AD9-B7F5-E9DEA2A297E3}.Debug|Any CPU.ActiveCfg = Debug|Any CPU
		{99564703-A66A-4AD9-B7F5-E9DEA2A297E3}.Debug|Any CPU.Build.0 = Debug|Any CPU
		{99564703-A66A-4AD9-B7F5-E9DEA2A297E3}.Release|Any CPU.ActiveCfg = Release|Any CPU
		{99564703-A66A-4AD9-B7F5-E9DEA2A297E3}.Release|Any CPU.Build.0 = Release|Any CPU
		{457D4900-9FB8-450F-91D6-50537A52991B}.Debug|Any CPU.ActiveCfg = Debug|Any CPU
		{457D4900-9FB8-450F-91D6-50537A52991B}.Debug|Any CPU.Build.0 = Debug|Any CPU
		{457D4900-9FB8-450F-91D6-50537A52991B}.Release|Any CPU.ActiveCfg = Release|Any CPU
		{457D4900-9FB8-450F-91D6-50537A52991B}.Release|Any CPU.Build.0 = Release|Any CPU
		{A938FE4F-D806-43E3-9F11-78E26C139A75}.Debug|Any CPU.ActiveCfg = Debug|Any CPU
		{A938FE4F-D806-43E3-9F11-78E26C139A75}.Debug|Any CPU.Build.0 = Debug|Any CPU
		{A938FE4F-D806-43E3-9F11-78E26C139A75}.Release|Any CPU.ActiveCfg = Release|Any CPU
		{A938FE4F-D806-43E3-9F11-78E26C139A75}.Release|Any CPU.Build.0 = Release|Any CPU
		{6CA24576-3249-40F4-B150-06AD86CEF294}.Debug|Any CPU.ActiveCfg = Debug|Any CPU
		{6CA24576-3249-40F4-B150-06AD86CEF294}.Debug|Any CPU.Build.0 = Debug|Any CPU
		{6CA24576-3249-40F4-B150-06AD86CEF294}.Release|Any CPU.ActiveCfg = Release|Any CPU
		{6CA24576-3249-40F4-B150-06AD86CEF294}.Release|Any CPU.Build.0 = Release|Any CPU
		{E6357FC8-BF69-4605-B484-28F9572EB773}.Debug|Any CPU.ActiveCfg = Debug|Any CPU
		{E6357FC8-BF69-4605-B484-28F9572EB773}.Debug|Any CPU.Build.0 = Debug|Any CPU
		{E6357FC8-BF69-4605-B484-28F9572EB773}.Release|Any CPU.ActiveCfg = Release|Any CPU
		{E6357FC8-BF69-4605-B484-28F9572EB773}.Release|Any CPU.Build.0 = Release|Any CPU
	EndGlobalSection
	GlobalSection(SolutionProperties) = preSolution
		HideSolutionNode = FALSE
	EndGlobalSection
	GlobalSection(NestedProjects) = preSolution
		{7A7707AB-E192-4F28-954F-779A6BBC6279} = {AC14F8BA-41B7-4CA8-90EB-975FEA8EB3F8}
		{A8C4AF21-4E38-4B63-A776-E84A41BA8673} = {AC14F8BA-41B7-4CA8-90EB-975FEA8EB3F8}
		{99564703-A66A-4AD9-B7F5-E9DEA2A297E3} = {EC553DB4-CF59-44CB-98D8-3458106206FF}
		{457D4900-9FB8-450F-91D6-50537A52991B} = {0E54638C-3E65-4DBD-AA24-F8A79F7BECE9}
		{A938FE4F-D806-43E3-9F11-78E26C139A75} = {7A7707AB-E192-4F28-954F-779A6BBC6279}
		{6CA24576-3249-40F4-B150-06AD86CEF294} = {179B1906-EE3D-4478-AD10-281B8C5C5487}
		{2B1AB783-D3E8-4C3F-B537-1182D19A7802} = {A8C4AF21-4E38-4B63-A776-E84A41BA8673}
		{E6357FC8-BF69-4605-B484-28F9572EB773} = {2B1AB783-D3E8-4C3F-B537-1182D19A7802}
	EndGlobalSection
	GlobalSection(ExtensibilityGlobals) = postSolution
		SolutionGuid = {64A70377-C00E-420C-A683-ED673B57200D}
	EndGlobalSection
EndGlobal
